// !$*UTF8*$!
{
	archiveVersion = 1;
	classes = {
	};
	objectVersion = 56;
	objects = {

/* Begin PBXBuildFile section */
		220CE7B829C49908000BA8EE /* StepsView.swift in Sources */ = {isa = PBXBuildFile; fileRef = 220CE7B729C49908000BA8EE /* StepsView.swift */; };
		2263D54A29C4E06B00C8AB1F /* ArrowPolylineRendrer.swift in Sources */ = {isa = PBXBuildFile; fileRef = 2263D54929C4E06B00C8AB1F /* ArrowPolylineRendrer.swift */; };
		2275CD6B29C201D7000EA7A4 /* GymActivityMapView.swift in Sources */ = {isa = PBXBuildFile; fileRef = 2275CD6A29C201D7000EA7A4 /* GymActivityMapView.swift */; };
		2275CD6D29C24D9C000EA7A4 /* GymActivityView.swift in Sources */ = {isa = PBXBuildFile; fileRef = 2275CD6C29C24D9C000EA7A4 /* GymActivityView.swift */; };
		22904D03299E184200B515F1 /* HealthKitManager.swift in Sources */ = {isa = PBXBuildFile; fileRef = 22904D02299E184200B515F1 /* HealthKitManager.swift */; };
		22904D05299E198200B515F1 /* HealthKitViewModel.swift in Sources */ = {isa = PBXBuildFile; fileRef = 22904D04299E198200B515F1 /* HealthKitViewModel.swift */; };
		22F6C26D296C227D00073A6D /* MyGymTrackerApp.swift in Sources */ = {isa = PBXBuildFile; fileRef = 22F6C26C296C227D00073A6D /* MyGymTrackerApp.swift */; };
		22F6C26F296C227D00073A6D /* ContentView.swift in Sources */ = {isa = PBXBuildFile; fileRef = 22F6C26E296C227D00073A6D /* ContentView.swift */; };
		22F6C271296C227F00073A6D /* Assets.xcassets in Resources */ = {isa = PBXBuildFile; fileRef = 22F6C270296C227F00073A6D /* Assets.xcassets */; };
		22F6C274296C227F00073A6D /* Preview Assets.xcassets in Resources */ = {isa = PBXBuildFile; fileRef = 22F6C273296C227F00073A6D /* Preview Assets.xcassets */; };
		22F6C27D296C22D800073A6D /* FoodModel.xcdatamodeld in Sources */ = {isa = PBXBuildFile; fileRef = 22F6C27B296C22D800073A6D /* FoodModel.xcdatamodeld */; };
		22F6C27F296C239D00073A6D /* DataController.swift in Sources */ = {isa = PBXBuildFile; fileRef = 22F6C27E296C239D00073A6D /* DataController.swift */; };
		22F6C284296C27B900073A6D /* AddFoodView.swift in Sources */ = {isa = PBXBuildFile; fileRef = 22F6C283296C27B900073A6D /* AddFoodView.swift */; };
		22F6C286296C2B4000073A6D /* TimeFormatting.swift in Sources */ = {isa = PBXBuildFile; fileRef = 22F6C285296C2B4000073A6D /* TimeFormatting.swift */; };
/* End PBXBuildFile section */

/* Begin PBXFileReference section */
		220CE7B729C49908000BA8EE /* StepsView.swift */ = {isa = PBXFileReference; lastKnownFileType = sourcecode.swift; path = StepsView.swift; sourceTree = "<group>"; };
		2263D54929C4E06B00C8AB1F /* ArrowPolylineRendrer.swift */ = {isa = PBXFileReference; lastKnownFileType = sourcecode.swift; path = ArrowPolylineRendrer.swift; sourceTree = "<group>"; };
		2275CD6A29C201D7000EA7A4 /* GymActivityMapView.swift */ = {isa = PBXFileReference; lastKnownFileType = sourcecode.swift; path = GymActivityMapView.swift; sourceTree = "<group>"; };
		2275CD6C29C24D9C000EA7A4 /* GymActivityView.swift */ = {isa = PBXFileReference; lastKnownFileType = sourcecode.swift; path = GymActivityView.swift; sourceTree = "<group>"; };
		22904D00299E174700B515F1 /* MyGymTracker.entitlements */ = {isa = PBXFileReference; lastKnownFileType = text.plist.entitlements; path = MyGymTracker.entitlements; sourceTree = "<group>"; };
		22904D01299E17D700B515F1 /* Info.plist */ = {isa = PBXFileReference; lastKnownFileType = text.plist; path = Info.plist; sourceTree = "<group>"; };
		22904D02299E184200B515F1 /* HealthKitManager.swift */ = {isa = PBXFileReference; lastKnownFileType = sourcecode.swift; path = HealthKitManager.swift; sourceTree = "<group>"; };
		22904D04299E198200B515F1 /* HealthKitViewModel.swift */ = {isa = PBXFileReference; lastKnownFileType = sourcecode.swift; path = HealthKitViewModel.swift; sourceTree = "<group>"; };
		22F6C269296C227D00073A6D /* MyGymTracker.app */ = {isa = PBXFileReference; explicitFileType = wrapper.application; includeInIndex = 0; path = MyGymTracker.app; sourceTree = BUILT_PRODUCTS_DIR; };
		22F6C26C296C227D00073A6D /* MyGymTrackerApp.swift */ = {isa = PBXFileReference; lastKnownFileType = sourcecode.swift; path = MyGymTrackerApp.swift; sourceTree = "<group>"; };
		22F6C26E296C227D00073A6D /* ContentView.swift */ = {isa = PBXFileReference; lastKnownFileType = sourcecode.swift; path = ContentView.swift; sourceTree = "<group>"; };
		22F6C270296C227F00073A6D /* Assets.xcassets */ = {isa = PBXFileReference; lastKnownFileType = folder.assetcatalog; path = Assets.xcassets; sourceTree = "<group>"; };
		22F6C273296C227F00073A6D /* Preview Assets.xcassets */ = {isa = PBXFileReference; lastKnownFileType = folder.assetcatalog; path = "Preview Assets.xcassets"; sourceTree = "<group>"; };
		22F6C27C296C22D800073A6D /* FoodModel.xcdatamodel */ = {isa = PBXFileReference; lastKnownFileType = wrapper.xcdatamodel; path = FoodModel.xcdatamodel; sourceTree = "<group>"; };
		22F6C27E296C239D00073A6D /* DataController.swift */ = {isa = PBXFileReference; lastKnownFileType = sourcecode.swift; path = DataController.swift; sourceTree = "<group>"; };
		22F6C283296C27B900073A6D /* AddFoodView.swift */ = {isa = PBXFileReference; lastKnownFileType = sourcecode.swift; path = AddFoodView.swift; sourceTree = "<group>"; };
		22F6C285296C2B4000073A6D /* TimeFormatting.swift */ = {isa = PBXFileReference; lastKnownFileType = sourcecode.swift; path = TimeFormatting.swift; sourceTree = "<group>"; };
/* End PBXFileReference section */

/* Begin PBXFrameworksBuildPhase section */
		22F6C266296C227D00073A6D /* Frameworks */ = {
			isa = PBXFrameworksBuildPhase;
			buildActionMask = 2147483647;
			files = (
			);
			runOnlyForDeploymentPostprocessing = 0;
		};
/* End PBXFrameworksBuildPhase section */

/* Begin PBXGroup section */
		22F6C260296C227D00073A6D = {
			isa = PBXGroup;
			children = (
				22F6C26B296C227D00073A6D /* MyGymTracker */,
				22F6C26A296C227D00073A6D /* Products */,
			);
			sourceTree = "<group>";
		};
		22F6C26A296C227D00073A6D /* Products */ = {
			isa = PBXGroup;
			children = (
				22F6C269296C227D00073A6D /* MyGymTracker.app */,
			);
			name = Products;
			sourceTree = "<group>";
		};
		22F6C26B296C227D00073A6D /* MyGymTracker */ = {
			isa = PBXGroup;
			children = (
				22904D01299E17D700B515F1 /* Info.plist */,
				22904D00299E174700B515F1 /* MyGymTracker.entitlements */,
				22F6C26C296C227D00073A6D /* MyGymTrackerApp.swift */,
				22F6C270296C227F00073A6D /* Assets.xcassets */,
				22F6C282296C277D00073A6D /* Helper */,
				22F6C281296C276E00073A6D /* Views */,
				22F6C27A296C229E00073A6D /* DataModel */,
				22F6C272296C227F00073A6D /* Preview Content */,
			);
			path = MyGymTracker;
			sourceTree = "<group>";
		};
		22F6C272296C227F00073A6D /* Preview Content */ = {
			isa = PBXGroup;
			children = (
				22F6C273296C227F00073A6D /* Preview Assets.xcassets */,
			);
			path = "Preview Content";
			sourceTree = "<group>";
		};
		22F6C27A296C229E00073A6D /* DataModel */ = {
			isa = PBXGroup;
			children = (
				22F6C27B296C22D800073A6D /* FoodModel.xcdatamodeld */,
				22F6C27E296C239D00073A6D /* DataController.swift */,
				2263D54929C4E06B00C8AB1F /* ArrowPolylineRendrer.swift */,
			);
			path = DataModel;
			sourceTree = "<group>";
		};
		22F6C281296C276E00073A6D /* Views */ = {
			isa = PBXGroup;
			children = (
				22F6C26E296C227D00073A6D /* ContentView.swift */,
				220CE7B729C49908000BA8EE /* StepsView.swift */,
				2275CD6A29C201D7000EA7A4 /* GymActivityMapView.swift */,
				2275CD6C29C24D9C000EA7A4 /* GymActivityView.swift */,
				22F6C283296C27B900073A6D /* AddFoodView.swift */,
			);
			path = Views;
			sourceTree = "<group>";
		};
		22F6C282296C277D00073A6D /* Helper */ = {
			isa = PBXGroup;
			children = (
				22F6C285296C2B4000073A6D /* TimeFormatting.swift */,
				22904D02299E184200B515F1 /* HealthKitManager.swift */,
				22904D04299E198200B515F1 /* HealthKitViewModel.swift */,
			);
			path = Helper;
			sourceTree = "<group>";
		};
/* End PBXGroup section */

/* Begin PBXNativeTarget section */
		22F6C268296C227D00073A6D /* MyGymTracker */ = {
			isa = PBXNativeTarget;
			buildConfigurationList = 22F6C277296C227F00073A6D /* Build configuration list for PBXNativeTarget "MyGymTracker" */;
			buildPhases = (
				22F6C265296C227D00073A6D /* Sources */,
				22F6C266296C227D00073A6D /* Frameworks */,
				22F6C267296C227D00073A6D /* Resources */,
			);
			buildRules = (
			);
			dependencies = (
			);
			name = MyGymTracker;
			productName = MyGymTracker;
			productReference = 22F6C269296C227D00073A6D /* MyGymTracker.app */;
			productType = "com.apple.product-type.application";
		};
/* End PBXNativeTarget section */

/* Begin PBXProject section */
		22F6C261296C227D00073A6D /* Project object */ = {
			isa = PBXProject;
			attributes = {
				BuildIndependentTargetsInParallel = 1;
				LastSwiftUpdateCheck = 1400;
				LastUpgradeCheck = 1400;
				TargetAttributes = {
					22F6C268296C227D00073A6D = {
						CreatedOnToolsVersion = 14.0;
					};
				};
			};
			buildConfigurationList = 22F6C264296C227D00073A6D /* Build configuration list for PBXProject "MyGymTracker" */;
			compatibilityVersion = "Xcode 14.0";
			developmentRegion = en;
			hasScannedForEncodings = 0;
			knownRegions = (
				en,
				Base,
			);
			mainGroup = 22F6C260296C227D00073A6D;
			productRefGroup = 22F6C26A296C227D00073A6D /* Products */;
			projectDirPath = "";
			projectRoot = "";
			targets = (
				22F6C268296C227D00073A6D /* MyGymTracker */,
			);
		};
/* End PBXProject section */

/* Begin PBXResourcesBuildPhase section */
		22F6C267296C227D00073A6D /* Resources */ = {
			isa = PBXResourcesBuildPhase;
			buildActionMask = 2147483647;
			files = (
				22F6C274296C227F00073A6D /* Preview Assets.xcassets in Resources */,
				22F6C271296C227F00073A6D /* Assets.xcassets in Resources */,
			);
			runOnlyForDeploymentPostprocessing = 0;
		};
/* End PBXResourcesBuildPhase section */

/* Begin PBXSourcesBuildPhase section */
		22F6C265296C227D00073A6D /* Sources */ = {
			isa = PBXSourcesBuildPhase;
			buildActionMask = 2147483647;
			files = (
				22F6C284296C27B900073A6D /* AddFoodView.swift in Sources */,
				22F6C26F296C227D00073A6D /* ContentView.swift in Sources */,
				22F6C27F296C239D00073A6D /* DataController.swift in Sources */,
				22F6C26D296C227D00073A6D /* MyGymTrackerApp.swift in Sources */,
				22F6C27D296C22D800073A6D /* FoodModel.xcdatamodeld in Sources */,
				22904D05299E198200B515F1 /* HealthKitViewModel.swift in Sources */,
				2275CD6B29C201D7000EA7A4 /* GymActivityMapView.swift in Sources */,
				22904D03299E184200B515F1 /* HealthKitManager.swift in Sources */,
				220CE7B829C49908000BA8EE /* StepsView.swift in Sources */,
				22F6C286296C2B4000073A6D /* TimeFormatting.swift in Sources */,
				2263D54A29C4E06B00C8AB1F /* ArrowPolylineRendrer.swift in Sources */,
				2275CD6D29C24D9C000EA7A4 /* GymActivityView.swift in Sources */,
			);
			runOnlyForDeploymentPostprocessing = 0;
		};
/* End PBXSourcesBuildPhase section */

/* Begin XCBuildConfiguration section */
		22F6C275296C227F00073A6D /* Debug */ = {
			isa = XCBuildConfiguration;
			buildSettings = {
				ALWAYS_SEARCH_USER_PATHS = NO;
				CLANG_ANALYZER_NONNULL = YES;
				CLANG_ANALYZER_NUMBER_OBJECT_CONVERSION = YES_AGGRESSIVE;
				CLANG_CXX_LANGUAGE_STANDARD = "gnu++20";
				CLANG_ENABLE_MODULES = YES;
				CLANG_ENABLE_OBJC_ARC = YES;
				CLANG_ENABLE_OBJC_WEAK = YES;
				CLANG_WARN_BLOCK_CAPTURE_AUTORELEASING = YES;
				CLANG_WARN_BOOL_CONVERSION = YES;
				CLANG_WARN_COMMA = YES;
				CLANG_WARN_CONSTANT_CONVERSION = YES;
				CLANG_WARN_DEPRECATED_OBJC_IMPLEMENTATIONS = YES;
				CLANG_WARN_DIRECT_OBJC_ISA_USAGE = YES_ERROR;
				CLANG_WARN_DOCUMENTATION_COMMENTS = YES;
				CLANG_WARN_EMPTY_BODY = YES;
				CLANG_WARN_ENUM_CONVERSION = YES;
				CLANG_WARN_INFINITE_RECURSION = YES;
				CLANG_WARN_INT_CONVERSION = YES;
				CLANG_WARN_NON_LITERAL_NULL_CONVERSION = YES;
				CLANG_WARN_OBJC_IMPLICIT_RETAIN_SELF = YES;
				CLANG_WARN_OBJC_LITERAL_CONVERSION = YES;
				CLANG_WARN_OBJC_ROOT_CLASS = YES_ERROR;
				CLANG_WARN_QUOTED_INCLUDE_IN_FRAMEWORK_HEADER = YES;
				CLANG_WARN_RANGE_LOOP_ANALYSIS = YES;
				CLANG_WARN_STRICT_PROTOTYPES = YES;
				CLANG_WARN_SUSPICIOUS_MOVE = YES;
				CLANG_WARN_UNGUARDED_AVAILABILITY = YES_AGGRESSIVE;
				CLANG_WARN_UNREACHABLE_CODE = YES;
				CLANG_WARN__DUPLICATE_METHOD_MATCH = YES;
				COPY_PHASE_STRIP = NO;
				DEBUG_INFORMATION_FORMAT = dwarf;
				ENABLE_STRICT_OBJC_MSGSEND = YES;
				ENABLE_TESTABILITY = YES;
				GCC_C_LANGUAGE_STANDARD = gnu11;
				GCC_DYNAMIC_NO_PIC = NO;
				GCC_NO_COMMON_BLOCKS = YES;
				GCC_OPTIMIZATION_LEVEL = 0;
				GCC_PREPROCESSOR_DEFINITIONS = (
					"DEBUG=1",
					"$(inherited)",
				);
				GCC_WARN_64_TO_32_BIT_CONVERSION = YES;
				GCC_WARN_ABOUT_RETURN_TYPE = YES_ERROR;
				GCC_WARN_UNDECLARED_SELECTOR = YES;
				GCC_WARN_UNINITIALIZED_AUTOS = YES_AGGRESSIVE;
				GCC_WARN_UNUSED_FUNCTION = YES;
				GCC_WARN_UNUSED_VARIABLE = YES;
				IPHONEOS_DEPLOYMENT_TARGET = 16.0;
				MTL_ENABLE_DEBUG_INFO = INCLUDE_SOURCE;
				MTL_FAST_MATH = YES;
				ONLY_ACTIVE_ARCH = YES;
				SDKROOT = iphoneos;
				SWIFT_ACTIVE_COMPILATION_CONDITIONS = DEBUG;
				SWIFT_OPTIMIZATION_LEVEL = "-Onone";
			};
			name = Debug;
		};
		22F6C276296C227F00073A6D /* Release */ = {
			isa = XCBuildConfiguration;
			buildSettings = {
				ALWAYS_SEARCH_USER_PATHS = NO;
				CLANG_ANALYZER_NONNULL = YES;
				CLANG_ANALYZER_NUMBER_OBJECT_CONVERSION = YES_AGGRESSIVE;
				CLANG_CXX_LANGUAGE_STANDARD = "gnu++20";
				CLANG_ENABLE_MODULES = YES;
				CLANG_ENABLE_OBJC_ARC = YES;
				CLANG_ENABLE_OBJC_WEAK = YES;
				CLANG_WARN_BLOCK_CAPTURE_AUTORELEASING = YES;
				CLANG_WARN_BOOL_CONVERSION = YES;
				CLANG_WARN_COMMA = YES;
				CLANG_WARN_CONSTANT_CONVERSION = YES;
				CLANG_WARN_DEPRECATED_OBJC_IMPLEMENTATIONS = YES;
				CLANG_WARN_DIRECT_OBJC_ISA_USAGE = YES_ERROR;
				CLANG_WARN_DOCUMENTATION_COMMENTS = YES;
				CLANG_WARN_EMPTY_BODY = YES;
				CLANG_WARN_ENUM_CONVERSION = YES;
				CLANG_WARN_INFINITE_RECURSION = YES;
				CLANG_WARN_INT_CONVERSION = YES;
				CLANG_WARN_NON_LITERAL_NULL_CONVERSION = YES;
				CLANG_WARN_OBJC_IMPLICIT_RETAIN_SELF = YES;
				CLANG_WARN_OBJC_LITERAL_CONVERSION = YES;
				CLANG_WARN_OBJC_ROOT_CLASS = YES_ERROR;
				CLANG_WARN_QUOTED_INCLUDE_IN_FRAMEWORK_HEADER = YES;
				CLANG_WARN_RANGE_LOOP_ANALYSIS = YES;
				CLANG_WARN_STRICT_PROTOTYPES = YES;
				CLANG_WARN_SUSPICIOUS_MOVE = YES;
				CLANG_WARN_UNGUARDED_AVAILABILITY = YES_AGGRESSIVE;
				CLANG_WARN_UNREACHABLE_CODE = YES;
				CLANG_WARN__DUPLICATE_METHOD_MATCH = YES;
				COPY_PHASE_STRIP = NO;
				DEBUG_INFORMATION_FORMAT = "dwarf-with-dsym";
				ENABLE_NS_ASSERTIONS = NO;
				ENABLE_STRICT_OBJC_MSGSEND = YES;
				GCC_C_LANGUAGE_STANDARD = gnu11;
				GCC_NO_COMMON_BLOCKS = YES;
				GCC_WARN_64_TO_32_BIT_CONVERSION = YES;
				GCC_WARN_ABOUT_RETURN_TYPE = YES_ERROR;
				GCC_WARN_UNDECLARED_SELECTOR = YES;
				GCC_WARN_UNINITIALIZED_AUTOS = YES_AGGRESSIVE;
				GCC_WARN_UNUSED_FUNCTION = YES;
				GCC_WARN_UNUSED_VARIABLE = YES;
				IPHONEOS_DEPLOYMENT_TARGET = 16.0;
				MTL_ENABLE_DEBUG_INFO = NO;
				MTL_FAST_MATH = YES;
				SDKROOT = iphoneos;
				SWIFT_COMPILATION_MODE = wholemodule;
				SWIFT_OPTIMIZATION_LEVEL = "-O";
				VALIDATE_PRODUCT = YES;
			};
			name = Release;
		};
		22F6C278296C227F00073A6D /* Debug */ = {
			isa = XCBuildConfiguration;
			buildSettings = {
				ASSETCATALOG_COMPILER_APPICON_NAME = AppIcon;
				ASSETCATALOG_COMPILER_GLOBAL_ACCENT_COLOR_NAME = AccentColor;
				CODE_SIGN_ENTITLEMENTS = MyGymTracker/MyGymTracker.entitlements;
				CODE_SIGN_STYLE = Automatic;
				CURRENT_PROJECT_VERSION = 1;
				DEVELOPMENT_ASSET_PATHS = "\"MyGymTracker/Preview Content\"";
				DEVELOPMENT_TEAM = 5FRS52XTMF;
				ENABLE_PREVIEWS = YES;
				GENERATE_INFOPLIST_FILE = YES;
				INFOPLIST_FILE = MyGymTracker/Info.plist;
				INFOPLIST_KEY_NSHealthShareUsageDescription = "Allow this app to write to your health data.";
				INFOPLIST_KEY_NSHealthUpdateUsageDescription = "Allow this app to access your health data. ";
				INFOPLIST_KEY_UIApplicationSceneManifest_Generation = YES;
				INFOPLIST_KEY_UIApplicationSupportsIndirectInputEvents = YES;
				INFOPLIST_KEY_UILaunchScreen_Generation = YES;
				INFOPLIST_KEY_UISupportedInterfaceOrientations_iPad = "UIInterfaceOrientationPortrait UIInterfaceOrientationPortraitUpsideDown UIInterfaceOrientationLandscapeLeft UIInterfaceOrientationLandscapeRight";
				INFOPLIST_KEY_UISupportedInterfaceOrientations_iPhone = "UIInterfaceOrientationPortrait UIInterfaceOrientationLandscapeLeft UIInterfaceOrientationLandscapeRight";
				LD_RUNPATH_SEARCH_PATHS = (
					"$(inherited)",
					"@executable_path/Frameworks",
				);
				MARKETING_VERSION = 1.0;
				PRODUCT_BUNDLE_IDENTIFIER = com.vaibhavsingh.MyGymTracker;
				PRODUCT_NAME = "$(TARGET_NAME)";
				SWIFT_EMIT_LOC_STRINGS = YES;
				SWIFT_VERSION = 5.0;
				TARGETED_DEVICE_FAMILY = "1,2";
			};
			name = Debug;
		};
		22F6C279296C227F00073A6D /* Release */ = {
			isa = XCBuildConfiguration;
			buildSettings = {
				ASSETCATALOG_COMPILER_APPICON_NAME = AppIcon;
				ASSETCATALOG_COMPILER_GLOBAL_ACCENT_COLOR_NAME = AccentColor;
				CODE_SIGN_ENTITLEMENTS = MyGymTracker/MyGymTracker.entitlements;
				CODE_SIGN_STYLE = Automatic;
				CURRENT_PROJECT_VERSION = 1;
				DEVELOPMENT_ASSET_PATHS = "\"MyGymTracker/Preview Content\"";
				DEVELOPMENT_TEAM = 5FRS52XTMF;
				ENABLE_PREVIEWS = YES;
				GENERATE_INFOPLIST_FILE = YES;
				INFOPLIST_FILE = MyGymTracker/Info.plist;
				INFOPLIST_KEY_NSHealthShareUsageDescription = "Allow this app to write to your health data.";
				INFOPLIST_KEY_NSHealthUpdateUsageDescription = "Allow this app to access your health data. ";
				INFOPLIST_KEY_UIApplicationSceneManifest_Generation = YES;
				INFOPLIST_KEY_UIApplicationSupportsIndirectInputEvents = YES;
				INFOPLIST_KEY_UILaunchScreen_Generation = YES;
				INFOPLIST_KEY_UISupportedInterfaceOrientations_iPad = "UIInterfaceOrientationPortrait UIInterfaceOrientationPortraitUpsideDown UIInterfaceOrientationLandscapeLeft UIInterfaceOrientationLandscapeRight";
				INFOPLIST_KEY_UISupportedInterfaceOrientations_iPhone = "UIInterfaceOrientationPortrait UIInterfaceOrientationLandscapeLeft UIInterfaceOrientationLandscapeRight";
				LD_RUNPATH_SEARCH_PATHS = (
					"$(inherited)",
					"@executable_path/Frameworks",
				);
				MARKETING_VERSION = 1.0;
				PRODUCT_BUNDLE_IDENTIFIER = com.vaibhavsingh.MyGymTracker;
				PRODUCT_NAME = "$(TARGET_NAME)";
				SWIFT_EMIT_LOC_STRINGS = YES;
				SWIFT_VERSION = 5.0;
				TARGETED_DEVICE_FAMILY = "1,2";
			};
			name = Release;
		};
/* End XCBuildConfiguration section */

/* Begin XCConfigurationList section */
		22F6C264296C227D00073A6D /* Build configuration list for PBXProject "MyGymTracker" */ = {
			isa = XCConfigurationList;
			buildConfigurations = (
				22F6C275296C227F00073A6D /* Debug */,
				22F6C276296C227F00073A6D /* Release */,
			);
			defaultConfigurationIsVisible = 0;
			defaultConfigurationName = Release;
		};
		22F6C277296C227F00073A6D /* Build configuration list for PBXNativeTarget "MyGymTracker" */ = {
			isa = XCConfigurationList;
			buildConfigurations = (
				22F6C278296C227F00073A6D /* Debug */,
				22F6C279296C227F00073A6D /* Release */,
			);
			defaultConfigurationIsVisible = 0;
			defaultConfigurationName = Release;
		};
/* End XCConfigurationList section */

/* Begin XCVersionGroup section */
		22F6C27B296C22D800073A6D /* FoodModel.xcdatamodeld */ = {
			isa = XCVersionGroup;
			children = (
				22F6C27C296C22D800073A6D /* FoodModel.xcdatamodel */,
			);
			currentVersion = 22F6C27C296C22D800073A6D /* FoodModel.xcdatamodel */;
			path = FoodModel.xcdatamodeld;
			sourceTree = "<group>";
			versionGroupType = wrapper.xcdatamodel;
		};
/* End XCVersionGroup section */
	};
	rootObject = 22F6C261296C227D00073A6D /* Project object */;
}
